# THIS IS AN AUTOGENERATED FILE. DO NOT EDIT THIS FILE DIRECTLY.
# yarn lockfile v1

bootstrap@3.0.0:
  version "3.0.0"
  resolved "https://registry.yarnpkg.com/bootstrap/-/bootstrap-3.0.0.tgz#abcdef1234567890abcdef1234567890"
  integrity sha1-abcdef1234567890abcdef1234567890

vm2@3.9.19:
  version "3.9.19"
  resolved "https://registry.yarnpkg.com/vm2/-/vm2-3.9.19.tgz#abcdef1234567890abcdef1234567890"
  integrity sha1-abcdef1234567890abcdef1234567890

# You might see other dependencies listed here as well if bootstrap or vm2 has additional dependencies.

